
Microsoft Visual Studio Solution File, Format Version 12.00
# Visual Studio 14
VisualStudioVersion = 14.0.25420.1
MinimumVisualStudioVersion = 10.0.40219.1
Project("{2150E333-8FDC-42A3-9474-1A3956D46DE8}") = "src", "src", "{C92EF515-64B3-4CEC-93B3-5C141E96E3FC}"
EndProject
Project("{2150E333-8FDC-42A3-9474-1A3956D46DE8}") = "Solution Items", "Solution Items", "{6CB67FAC-CDBD-4F7A-AB32-282E70AEEEF9}"
	ProjectSection(SolutionItems) = preProject
		global.json = global.json
	EndProjectSection
EndProject
Project("{8BB2217D-0F2D-49D1-97BC-3654ED321F3B}") = "IspolarSite", "src\IspolarSite\IspolarSite.xproj", "{EDF1D656-C158-4C32-81DC-5BC98A6D938A}"
EndProject
Global
	GlobalSection(SolutionConfigurationPlatforms) = preSolution
		Debug|Any CPU = Debug|Any CPU
		Release|Any CPU = Release|Any CPU
	EndGlobalSection
	GlobalSection(ProjectConfigurationPlatforms) = postSolution
		{EDF1D656-C158-4C32-81DC-5BC98A6D938A}.Debug|Any CPU.ActiveCfg = Debug|Any CPU
		{EDF1D656-C158-4C32-81DC-5BC98A6D938A}.Debug|Any CPU.Build.0 = Debug|Any CPU
		{EDF1D656-C158-4C32-81DC-5BC98A6D938A}.Release|Any CPU.ActiveCfg = Release|Any CPU
		{EDF1D656-C158-4C32-81DC-5BC98A6D938A}.Release|Any CPU.Build.0 = Release|Any CPU
	EndGlobalSection
	GlobalSection(SolutionProperties) = preSolution
		HideSolutionNode = FALSE
	EndGlobalSection
	GlobalSection(NestedProjects) = preSolution
		{EDF1D656-C158-4C32-81DC-5BC98A6D938A} = {C92EF515-64B3-4CEC-93B3-5C141E96E3FC}
	EndGlobalSection
EndGlobal
